
Microsoft Visual Studio Solution File, Format Version 12.00
# Visual Studio Version 17
VisualStudioVersion = 17.2.33027.314
MinimumVisualStudioVersion = 10.0.40219.1
Project("{9A19103F-16F7-4668-BE54-9A1E7A4F7556}") = "Lab8", "Lab8\Lab8.csproj", "{57E65776-4303-4172-84E5-8736AE1430AD}"
EndProject
Global
	GlobalSection(SolutionConfigurationPlatforms) = preSolution
		Debug|Any CPU = Debug|Any CPU
		Release|Any CPU = Release|Any CPU
	EndGlobalSection
	GlobalSection(ProjectConfigurationPlatforms) = postSolution
		{57E65776-4303-4172-84E5-8736AE1430AD}.Debug|Any CPU.ActiveCfg = Debug|Any CPU
		{57E65776-4303-4172-84E5-8736AE1430AD}.Debug|Any CPU.Build.0 = Debug|Any CPU
		{57E65776-4303-4172-84E5-8736AE1430AD}.Release|Any CPU.ActiveCfg = Release|Any CPU
		{57E65776-4303-4172-84E5-8736AE1430AD}.Release|Any CPU.Build.0 = Release|Any CPU
	EndGlobalSection
	GlobalSection(SolutionProperties) = preSolution
		HideSolutionNode = FALSE
	EndGlobalSection
	GlobalSection(ExtensibilityGlobals) = postSolution
		SolutionGuid = {D28FE8C3-73D8-48D6-BBF1-B0C017AC595F}
	EndGlobalSection
EndGlobal
